
Microsoft Visual Studio Solution File, Format Version 12.00
Project("{FAE04EC0-301F-11D3-BF4B-00C04F79EFBC}") = "Kalender", "Kalender\Kalender.csproj", "{B08DFB11-6297-4B12-91ED-6F3A0711B5B4}"
EndProject
Global
	GlobalSection(SolutionConfigurationPlatforms) = preSolution
		Debug|Any CPU = Debug|Any CPU
		Release|Any CPU = Release|Any CPU
	EndGlobalSection
	GlobalSection(ProjectConfigurationPlatforms) = postSolution
		{B08DFB11-6297-4B12-91ED-6F3A0711B5B4}.Debug|Any CPU.ActiveCfg = Debug|Any CPU
		{B08DFB11-6297-4B12-91ED-6F3A0711B5B4}.Debug|Any CPU.Build.0 = Debug|Any CPU
		{B08DFB11-6297-4B12-91ED-6F3A0711B5B4}.Release|Any CPU.ActiveCfg = Release|Any CPU
		{B08DFB11-6297-4B12-91ED-6F3A0711B5B4}.Release|Any CPU.Build.0 = Release|Any CPU
	EndGlobalSection
EndGlobal
